{
  "nodes": {
    "cachix": {
      "locked": {
        "lastModified": 1621718065,
        "narHash": "sha256-2xw+iyUzV3blVq0EQjL2Qhzpp3r9uCLzYQns4nW7m7Y=",
        "owner": "nixos",
        "repo": "nixpkgs",
        "rev": "ac60476ed94fd5424d9f3410c438825f793a8cbb",
        "type": "github"
      },
      "original": {
        "owner": "nixos",
        "ref": "nixos-20.09",
        "repo": "nixpkgs",
        "type": "github"
      }
    },
    "nixpkgs": {
      "locked": {
        "lastModified": 1621840840,
        "narHash": "sha256-o6h6+d5ZwrFmOTe+ma9s1Z9kyHsCW1C84IA8RZ9/fIU=",
        "owner": "nixos",
        "repo": "nixpkgs",
        "rev": "ea7d4aa9b8225abd6147339f0d56675d6f1f0fd1",
        "type": "github"
      },
      "original": {
        "owner": "nixos",
        "ref": "nixos-unstable",
        "repo": "nixpkgs",
        "type": "github"
      }
    },
    "root": {
      "inputs": {
        "cachix": "cachix",
        "nixpkgs": "nixpkgs"
      }
    }
  },
  "root": "root",
  "version": 7
}
